
Microsoft Visual Studio Solution File, Format Version 11.00
# Visual Studio 2010
# Ranorex Studio 7.0
Project("{2150E333-8FDC-42A3-9474-1A3956D46DE8}") = "Solution Items", "Solution Items", "{5E59FCF9-D3B4-4CA9-815A-037093BF6B83}"
	ProjectSection(SolutionItems) = postProject
		Ranorex = .\Ranorex.rxsettings
	EndProjectSection
EndProject
Project("{FAE04EC0-301F-11D3-BF4B-00C04F79EFBC}") = "Mathemeatics", "Mathemeatics\Mathemeatics.csproj", "{CC442C10-CED0-40BA-B6A6-3F08FD0C7B3D}"
EndProject
Global
	GlobalSection(SolutionConfigurationPlatforms) = preSolution
		Debug|x86 = Debug|x86
		Release|x86 = Release|x86
	EndGlobalSection
	GlobalSection(ProjectConfigurationPlatforms) = postSolution
		{CC442C10-CED0-40BA-B6A6-3F08FD0C7B3D}.Debug|x86.Build.0 = Debug|x86
		{CC442C10-CED0-40BA-B6A6-3F08FD0C7B3D}.Debug|x86.ActiveCfg = Debug|x86
		{CC442C10-CED0-40BA-B6A6-3F08FD0C7B3D}.Release|x86.Build.0 = Release|x86
		{CC442C10-CED0-40BA-B6A6-3F08FD0C7B3D}.Release|x86.ActiveCfg = Release|x86
	EndGlobalSection
EndGlobal
